
Microsoft Visual Studio Solution File, Format Version 12.00
Project("{FAE04EC0-301F-11D3-BF4B-00C04F79EFBC}") = "assignment_3", "assignment_3.csproj", "{5AE865EC-8356-4351-BBF8-242C9E88129E}"
EndProject
Global
	GlobalSection(SolutionConfigurationPlatforms) = preSolution
		Debug|Any CPU = Debug|Any CPU
		Release|Any CPU = Release|Any CPU
	EndGlobalSection
	GlobalSection(ProjectConfigurationPlatforms) = postSolution
		{5AE865EC-8356-4351-BBF8-242C9E88129E}.Debug|Any CPU.ActiveCfg = Debug|Any CPU
		{5AE865EC-8356-4351-BBF8-242C9E88129E}.Debug|Any CPU.Build.0 = Debug|Any CPU
		{5AE865EC-8356-4351-BBF8-242C9E88129E}.Release|Any CPU.ActiveCfg = Release|Any CPU
		{5AE865EC-8356-4351-BBF8-242C9E88129E}.Release|Any CPU.Build.0 = Release|Any CPU
	EndGlobalSection
EndGlobal
